// !$*UTF8*$!
{
	archiveVersion = 1;
	classes = {
	};
	objectVersion = 50;
	objects = {

/* Begin PBXBuildFile section */
		3B53E5C427FB26F400C9010C /* Config.plist in Resources */ = {isa = PBXBuildFile; fileRef = 3B53E5C327FB26F400C9010C /* Config.plist */; };
		3B53E5CA27FB773E00C9010C /* NSBook.m in Sources */ = {isa = PBXBuildFile; fileRef = 3B53E5C927FB773E00C9010C /* NSBook.m */; };
		3B53E5D027FBF82900C9010C /* KVOController.m in Sources */ = {isa = PBXBuildFile; fileRef = 3B53E5CF27FBF82900C9010C /* KVOController.m */; };
		3B53E5D32801310B00C9010C /* ObjectController.mm in Sources */ = {isa = PBXBuildFile; fileRef = 3B53E5D22801310B00C9010C /* ObjectController.mm */; };
		3B53E5D62801970500C9010C /* NSBookAA.m in Sources */ = {isa = PBXBuildFile; fileRef = 3B53E5D52801970500C9010C /* NSBookAA.m */; };
		3B53E5DC2801A53D00C9010C /* KVCController.m in Sources */ = {isa = PBXBuildFile; fileRef = 3B53E5DB2801A53D00C9010C /* KVCController.m */; };
		3B53E5DF2801A56600C9010C /* NSBookAB.m in Sources */ = {isa = PBXBuildFile; fileRef = 3B53E5DE2801A56600C9010C /* NSBookAB.m */; };
		3B53E5E328027C9F00C9010C /* CategoryController.m in Sources */ = {isa = PBXBuildFile; fileRef = 3B53E5E228027C9F00C9010C /* CategoryController.m */; };
		3B53E5EA281D02B900C9010C /* NSBookAC.m in Sources */ = {isa = PBXBuildFile; fileRef = 3B53E5E9281D02B900C9010C /* NSBookAC.m */; };
		3B53E5F0281D037200C9010C /* NSBookAC+book.m in Sources */ = {isa = PBXBuildFile; fileRef = 3B53E5EF281D037200C9010C /* NSBookAC+book.m */; };
		3B53E607281E3B5900C9010C /* BlockController.m in Sources */ = {isa = PBXBuildFile; fileRef = 3B53E606281E3B5900C9010C /* BlockController.m */; };
		3B53E60A281E828100C9010C /* NSBookAD.m in Sources */ = {isa = PBXBuildFile; fileRef = 3B53E609281E828100C9010C /* NSBookAD.m */; };
		3B53E60E281EBB6300C9010C /* RunTimeController.m in Sources */ = {isa = PBXBuildFile; fileRef = 3B53E60D281EBB6300C9010C /* RunTimeController.m */; };
		3B53E61128201F1100C9010C /* NSBookAE.m in Sources */ = {isa = PBXBuildFile; fileRef = 3B53E61028201F1100C9010C /* NSBookAE.m */; };
		3B53E6152821F5A100C9010C /* AssemblyController.m in Sources */ = {isa = PBXBuildFile; fileRef = 3B53E6142821F5A100C9010C /* AssemblyController.m */; };
		3B53E6182821F60F00C9010C /* NSBookAF.m in Sources */ = {isa = PBXBuildFile; fileRef = 3B53E6172821F60F00C9010C /* NSBookAF.m */; };
		3B53E61C2827B7EB00C9010C /* RunLoopController.m in Sources */ = {isa = PBXBuildFile; fileRef = 3B53E61B2827B7EB00C9010C /* RunLoopController.m */; };
		3B53E620282D386D00C9010C /* GCDViewController.m in Sources */ = {isa = PBXBuildFile; fileRef = 3B53E61F282D386D00C9010C /* GCDViewController.m */; };
		3B53E624282FA4E700C9010C /* MemoryController.m in Sources */ = {isa = PBXBuildFile; fileRef = 3B53E623282FA4E700C9010C /* MemoryController.m */; settings = {COMPILER_FLAGS = "-fno-objc-arc"; }; };
		3B53E627282FAAC200C9010C /* TimerProxy.m in Sources */ = {isa = PBXBuildFile; fileRef = 3B53E626282FAAC200C9010C /* TimerProxy.m */; };
		3B53E62A282FD9C200C9010C /* NSBookAG.m in Sources */ = {isa = PBXBuildFile; fileRef = 3B53E629282FD9C200C9010C /* NSBookAG.m */; settings = {COMPILER_FLAGS = "-fno-objc-arc"; }; };
		3B53E62E2830FA5800C9010C /* PerformanceController.m in Sources */ = {isa = PBXBuildFile; fileRef = 3B53E62D2830FA5800C9010C /* PerformanceController.m */; };
		3BF482CD27FB25B100387537 /* Assets.xcassets in Resources */ = {isa = PBXBuildFile; fileRef = 3BF482C227FB25B100387537 /* Assets.xcassets */; };
		3BF482CE27FB25B100387537 /* ViewController.m in Sources */ = {isa = PBXBuildFile; fileRef = 3BF482C327FB25B100387537 /* ViewController.m */; };
		3BF482CF27FB25B100387537 /* LaunchScreen.storyboard in Resources */ = {isa = PBXBuildFile; fileRef = 3BF482C427FB25B100387537 /* LaunchScreen.storyboard */; };
		3BF482D027FB25B100387537 /* Main.storyboard in Resources */ = {isa = PBXBuildFile; fileRef = 3BF482C627FB25B100387537 /* Main.storyboard */; };
		3BF482D127FB25B100387537 /* main.m in Sources */ = {isa = PBXBuildFile; fileRef = 3BF482C827FB25B100387537 /* main.m */; };
		3BF482D227FB25B100387537 /* AppDelegate.m in Sources */ = {isa = PBXBuildFile; fileRef = 3BF482C927FB25B100387537 /* AppDelegate.m */; };
		3BF482D327FB25B100387537 /* Info.plist in Resources */ = {isa = PBXBuildFile; fileRef = 3BF482CA27FB25B100387537 /* Info.plist */; };
		A3F35A4A28FB794A3CF6B61B /* Pods_iOSInterView.framework in Frameworks */ = {isa = PBXBuildFile; fileRef = F848D4BDE1929B5264DC3DC6 /* Pods_iOSInterView.framework */; };
/* End PBXBuildFile section */

/* Begin PBXFileReference section */
		05AD1BA88528E4C6E6DC11E2 /* Pods-iOSInterView.release.xcconfig */ = {isa = PBXFileReference; includeInIndex = 1; lastKnownFileType = text.xcconfig; name = "Pods-iOSInterView.release.xcconfig"; path = "Target Support Files/Pods-iOSInterView/Pods-iOSInterView.release.xcconfig"; sourceTree = "<group>"; };
		06FF6AA55CFF92F6E71E4205 /* Pods-iOSInterView.debug.xcconfig */ = {isa = PBXFileReference; includeInIndex = 1; lastKnownFileType = text.xcconfig; name = "Pods-iOSInterView.debug.xcconfig"; path = "Target Support Files/Pods-iOSInterView/Pods-iOSInterView.debug.xcconfig"; sourceTree = "<group>"; };
		3B53E5C327FB26F400C9010C /* Config.plist */ = {isa = PBXFileReference; lastKnownFileType = text.plist.xml; path = Config.plist; sourceTree = "<group>"; };
		3B53E5C527FB284700C9010C /* ObjectController.h */ = {isa = PBXFileReference; lastKnownFileType = sourcecode.c.h; path = ObjectController.h; sourceTree = "<group>"; };
		3B53E5C827FB773E00C9010C /* NSBook.h */ = {isa = PBXFileReference; lastKnownFileType = sourcecode.c.h; path = NSBook.h; sourceTree = "<group>"; };
		3B53E5C927FB773E00C9010C /* NSBook.m */ = {isa = PBXFileReference; lastKnownFileType = sourcecode.c.objc; path = NSBook.m; sourceTree = "<group>"; };
		3B53E5CB27FB78F300C9010C /* NSBook.cpp */ = {isa = PBXFileReference; lastKnownFileType = sourcecode.cpp.cpp; path = NSBook.cpp; sourceTree = "<group>"; };
		3B53E5CE27FBF82900C9010C /* KVOController.h */ = {isa = PBXFileReference; lastKnownFileType = sourcecode.c.h; path = KVOController.h; sourceTree = "<group>"; };
		3B53E5CF27FBF82900C9010C /* KVOController.m */ = {isa = PBXFileReference; lastKnownFileType = sourcecode.c.objc; path = KVOController.m; sourceTree = "<group>"; };
		3B53E5D128012FF900C9010C /* RunTimeClass.h */ = {isa = PBXFileReference; lastKnownFileType = sourcecode.c.h; path = RunTimeClass.h; sourceTree = "<group>"; };
		3B53E5D22801310B00C9010C /* ObjectController.mm */ = {isa = PBXFileReference; fileEncoding = 4; lastKnownFileType = sourcecode.cpp.objcpp; path = ObjectController.mm; sourceTree = "<group>"; };
		3B53E5D42801970500C9010C /* NSBookAA.h */ = {isa = PBXFileReference; lastKnownFileType = sourcecode.c.h; path = NSBookAA.h; sourceTree = "<group>"; };
		3B53E5D52801970500C9010C /* NSBookAA.m */ = {isa = PBXFileReference; lastKnownFileType = sourcecode.c.objc; path = NSBookAA.m; sourceTree = "<group>"; };
		3B53E5D728019FE900C9010C /* NSKVONotifying_NSBookAA.h */ = {isa = PBXFileReference; lastKnownFileType = sourcecode.c.h; path = NSKVONotifying_NSBookAA.h; sourceTree = "<group>"; };
		3B53E5D828019FE900C9010C /* NSKVONotifying_NSBookAA.m */ = {isa = PBXFileReference; lastKnownFileType = sourcecode.c.objc; path = NSKVONotifying_NSBookAA.m; sourceTree = "<group>"; };
		3B53E5DA2801A53D00C9010C /* KVCController.h */ = {isa = PBXFileReference; lastKnownFileType = sourcecode.c.h; path = KVCController.h; sourceTree = "<group>"; };
		3B53E5DB2801A53D00C9010C /* KVCController.m */ = {isa = PBXFileReference; lastKnownFileType = sourcecode.c.objc; path = KVCController.m; sourceTree = "<group>"; };
		3B53E5DD2801A56600C9010C /* NSBookAB.h */ = {isa = PBXFileReference; lastKnownFileType = sourcecode.c.h; path = NSBookAB.h; sourceTree = "<group>"; };
		3B53E5DE2801A56600C9010C /* NSBookAB.m */ = {isa = PBXFileReference; lastKnownFileType = sourcecode.c.objc; path = NSBookAB.m; sourceTree = "<group>"; };
		3B53E5E128027C9F00C9010C /* CategoryController.h */ = {isa = PBXFileReference; lastKnownFileType = sourcecode.c.h; path = CategoryController.h; sourceTree = "<group>"; };
		3B53E5E228027C9F00C9010C /* CategoryController.m */ = {isa = PBXFileReference; lastKnownFileType = sourcecode.c.objc; path = CategoryController.m; sourceTree = "<group>"; };
		3B53E5E8281D02B900C9010C /* NSBookAC.h */ = {isa = PBXFileReference; lastKnownFileType = sourcecode.c.h; path = NSBookAC.h; sourceTree = "<group>"; };
		3B53E5E9281D02B900C9010C /* NSBookAC.m */ = {isa = PBXFileReference; lastKnownFileType = sourcecode.c.objc; path = NSBookAC.m; sourceTree = "<group>"; };
		3B53E5EE281D037200C9010C /* NSBookAC+book.h */ = {isa = PBXFileReference; lastKnownFileType = sourcecode.c.h; path = "NSBookAC+book.h"; sourceTree = "<group>"; };
		3B53E5EF281D037200C9010C /* NSBookAC+book.m */ = {isa = PBXFileReference; lastKnownFileType = sourcecode.c.objc; path = "NSBookAC+book.m"; sourceTree = "<group>"; };
		3B53E605281E3B5900C9010C /* BlockController.h */ = {isa = PBXFileReference; lastKnownFileType = sourcecode.c.h; path = BlockController.h; sourceTree = "<group>"; };
		3B53E606281E3B5900C9010C /* BlockController.m */ = {isa = PBXFileReference; lastKnownFileType = sourcecode.c.objc; path = BlockController.m; sourceTree = "<group>"; };
		3B53E608281E828100C9010C /* NSBookAD.h */ = {isa = PBXFileReference; lastKnownFileType = sourcecode.c.h; path = NSBookAD.h; sourceTree = "<group>"; };
		3B53E609281E828100C9010C /* NSBookAD.m */ = {isa = PBXFileReference; lastKnownFileType = sourcecode.c.objc; path = NSBookAD.m; sourceTree = "<group>"; };
		3B53E60C281EBB6300C9010C /* RunTimeController.h */ = {isa = PBXFileReference; lastKnownFileType = sourcecode.c.h; path = RunTimeController.h; sourceTree = "<group>"; };
		3B53E60D281EBB6300C9010C /* RunTimeController.m */ = {isa = PBXFileReference; lastKnownFileType = sourcecode.c.objc; path = RunTimeController.m; sourceTree = "<group>"; };
		3B53E60F28201F1100C9010C /* NSBookAE.h */ = {isa = PBXFileReference; lastKnownFileType = sourcecode.c.h; path = NSBookAE.h; sourceTree = "<group>"; };
		3B53E61028201F1100C9010C /* NSBookAE.m */ = {isa = PBXFileReference; lastKnownFileType = sourcecode.c.objc; path = NSBookAE.m; sourceTree = "<group>"; };
		3B53E6132821F5A100C9010C /* AssemblyController.h */ = {isa = PBXFileReference; lastKnownFileType = sourcecode.c.h; path = AssemblyController.h; sourceTree = "<group>"; };
		3B53E6142821F5A100C9010C /* AssemblyController.m */ = {isa = PBXFileReference; lastKnownFileType = sourcecode.c.objc; path = AssemblyController.m; sourceTree = "<group>"; };
		3B53E6162821F60F00C9010C /* NSBookAF.h */ = {isa = PBXFileReference; lastKnownFileType = sourcecode.c.h; path = NSBookAF.h; sourceTree = "<group>"; };
		3B53E6172821F60F00C9010C /* NSBookAF.m */ = {isa = PBXFileReference; lastKnownFileType = sourcecode.c.objc; path = NSBookAF.m; sourceTree = "<group>"; };
		3B53E61A2827B7EB00C9010C /* RunLoopController.h */ = {isa = PBXFileReference; lastKnownFileType = sourcecode.c.h; path = RunLoopController.h; sourceTree = "<group>"; };
		3B53E61B2827B7EB00C9010C /* RunLoopController.m */ = {isa = PBXFileReference; lastKnownFileType = sourcecode.c.objc; path = RunLoopController.m; sourceTree = "<group>"; };
		3B53E61E282D386D00C9010C /* GCDViewController.h */ = {isa = PBXFileReference; lastKnownFileType = sourcecode.c.h; path = GCDViewController.h; sourceTree = "<group>"; };
		3B53E61F282D386D00C9010C /* GCDViewController.m */ = {isa = PBXFileReference; lastKnownFileType = sourcecode.c.objc; path = GCDViewController.m; sourceTree = "<group>"; };
		3B53E622282FA4E700C9010C /* MemoryController.h */ = {isa = PBXFileReference; lastKnownFileType = sourcecode.c.h; path = MemoryController.h; sourceTree = "<group>"; };
		3B53E623282FA4E700C9010C /* MemoryController.m */ = {isa = PBXFileReference; lastKnownFileType = sourcecode.c.objc; path = MemoryController.m; sourceTree = "<group>"; };
		3B53E625282FAAC200C9010C /* TimerProxy.h */ = {isa = PBXFileReference; lastKnownFileType = sourcecode.c.h; path = TimerProxy.h; sourceTree = "<group>"; };
		3B53E626282FAAC200C9010C /* TimerProxy.m */ = {isa = PBXFileReference; lastKnownFileType = sourcecode.c.objc; path = TimerProxy.m; sourceTree = "<group>"; };
		3B53E628282FD9C200C9010C /* NSBookAG.h */ = {isa = PBXFileReference; lastKnownFileType = sourcecode.c.h; path = NSBookAG.h; sourceTree = "<group>"; };
		3B53E629282FD9C200C9010C /* NSBookAG.m */ = {isa = PBXFileReference; lastKnownFileType = sourcecode.c.objc; path = NSBookAG.m; sourceTree = "<group>"; };
		3B53E62C2830FA5800C9010C /* PerformanceController.h */ = {isa = PBXFileReference; lastKnownFileType = sourcecode.c.h; path = PerformanceController.h; sourceTree = "<group>"; };
		3B53E62D2830FA5800C9010C /* PerformanceController.m */ = {isa = PBXFileReference; lastKnownFileType = sourcecode.c.objc; path = PerformanceController.m; sourceTree = "<group>"; };
		3BF4829A27FB103E00387537 /* iOSInterView.app */ = {isa = PBXFileReference; explicitFileType = wrapper.application; includeInIndex = 0; path = iOSInterView.app; sourceTree = BUILT_PRODUCTS_DIR; };
		3BF482C127FB25B100387537 /* AppDelegate.h */ = {isa = PBXFileReference; fileEncoding = 4; lastKnownFileType = sourcecode.c.h; path = AppDelegate.h; sourceTree = "<group>"; };
		3BF482C227FB25B100387537 /* Assets.xcassets */ = {isa = PBXFileReference; lastKnownFileType = folder.assetcatalog; path = Assets.xcassets; sourceTree = "<group>"; };
		3BF482C327FB25B100387537 /* ViewController.m */ = {isa = PBXFileReference; fileEncoding = 4; lastKnownFileType = sourcecode.c.objc; path = ViewController.m; sourceTree = "<group>"; };
		3BF482C527FB25B100387537 /* Base */ = {isa = PBXFileReference; lastKnownFileType = file.storyboard; name = Base; path = Base.lproj/LaunchScreen.storyboard; sourceTree = "<group>"; };
		3BF482C727FB25B100387537 /* Base */ = {isa = PBXFileReference; lastKnownFileType = file.storyboard; name = Base; path = Base.lproj/Main.storyboard; sourceTree = "<group>"; };
		3BF482C827FB25B100387537 /* main.m */ = {isa = PBXFileReference; fileEncoding = 4; lastKnownFileType = sourcecode.c.objc; path = main.m; sourceTree = "<group>"; };
		3BF482C927FB25B100387537 /* AppDelegate.m */ = {isa = PBXFileReference; fileEncoding = 4; lastKnownFileType = sourcecode.c.objc; path = AppDelegate.m; sourceTree = "<group>"; };
		3BF482CA27FB25B100387537 /* Info.plist */ = {isa = PBXFileReference; fileEncoding = 4; lastKnownFileType = text.plist.xml; path = Info.plist; sourceTree = "<group>"; };
		3BF482CB27FB25B100387537 /* ViewController.h */ = {isa = PBXFileReference; fileEncoding = 4; lastKnownFileType = sourcecode.c.h; path = ViewController.h; sourceTree = "<group>"; };
		F848D4BDE1929B5264DC3DC6 /* Pods_iOSInterView.framework */ = {isa = PBXFileReference; explicitFileType = wrapper.framework; includeInIndex = 0; path = Pods_iOSInterView.framework; sourceTree = BUILT_PRODUCTS_DIR; };
/* End PBXFileReference section */

/* Begin PBXFrameworksBuildPhase section */
		3BF4829727FB103E00387537 /* Frameworks */ = {
			isa = PBXFrameworksBuildPhase;
			buildActionMask = 2147483647;
			files = (
				A3F35A4A28FB794A3CF6B61B /* Pods_iOSInterView.framework in Frameworks */,
			);
			runOnlyForDeploymentPostprocessing = 0;
		};
/* End PBXFrameworksBuildPhase section */

/* Begin PBXGroup section */
		239F98A8308E6344950214DA /* Pods */ = {
			isa = PBXGroup;
			children = (
				06FF6AA55CFF92F6E71E4205 /* Pods-iOSInterView.debug.xcconfig */,
				05AD1BA88528E4C6E6DC11E2 /* Pods-iOSInterView.release.xcconfig */,
			);
			path = Pods;
			sourceTree = "<group>";
		};
		3926CBF3334F222AE42FF98B /* Frameworks */ = {
			isa = PBXGroup;
			children = (
				F848D4BDE1929B5264DC3DC6 /* Pods_iOSInterView.framework */,
			);
			name = Frameworks;
			sourceTree = "<group>";
		};
		3B53E5CC27FBED3500C9010C /* KVC */ = {
			isa = PBXGroup;
			children = (
				3B53E5DA2801A53D00C9010C /* KVCController.h */,
				3B53E5DB2801A53D00C9010C /* KVCController.m */,
				3B53E5DD2801A56600C9010C /* NSBookAB.h */,
				3B53E5DE2801A56600C9010C /* NSBookAB.m */,
			);
			path = KVC;
			sourceTree = "<group>";
		};
		3B53E5CD27FBED3500C9010C /* KVO */ = {
			isa = PBXGroup;
			children = (
				3B53E5CE27FBF82900C9010C /* KVOController.h */,
				3B53E5CF27FBF82900C9010C /* KVOController.m */,
				3B53E5D42801970500C9010C /* NSBookAA.h */,
				3B53E5D52801970500C9010C /* NSBookAA.m */,
				3B53E5D728019FE900C9010C /* NSKVONotifying_NSBookAA.h */,
				3B53E5D828019FE900C9010C /* NSKVONotifying_NSBookAA.m */,
			);
			path = KVO;
			sourceTree = "<group>";
		};
		3B53E5E028027C8000C9010C /* OC分类 */ = {
			isa = PBXGroup;
			children = (
				3B53E5E128027C9F00C9010C /* CategoryController.h */,
				3B53E5E228027C9F00C9010C /* CategoryController.m */,
				3B53E5E8281D02B900C9010C /* NSBookAC.h */,
				3B53E5E9281D02B900C9010C /* NSBookAC.m */,
				3B53E5EE281D037200C9010C /* NSBookAC+book.h */,
				3B53E5EF281D037200C9010C /* NSBookAC+book.m */,
			);
			path = "OC分类";
			sourceTree = "<group>";
		};
		3B53E604281E3B2200C9010C /* Block */ = {
			isa = PBXGroup;
			children = (
				3B53E605281E3B5900C9010C /* BlockController.h */,
				3B53E606281E3B5900C9010C /* BlockController.m */,
				3B53E608281E828100C9010C /* NSBookAD.h */,
				3B53E609281E828100C9010C /* NSBookAD.m */,
			);
			path = Block;
			sourceTree = "<group>";
		};
		3B53E60B281EBB4900C9010C /* RunTime */ = {
			isa = PBXGroup;
			children = (
				3B53E60C281EBB6300C9010C /* RunTimeController.h */,
				3B53E60D281EBB6300C9010C /* RunTimeController.m */,
				3B53E60F28201F1100C9010C /* NSBookAE.h */,
				3B53E61028201F1100C9010C /* NSBookAE.m */,
			);
			path = RunTime;
			sourceTree = "<group>";
		};
		3B53E6122821F57F00C9010C /* 汇编 */ = {
			isa = PBXGroup;
			children = (
				3B53E6132821F5A100C9010C /* AssemblyController.h */,
				3B53E6142821F5A100C9010C /* AssemblyController.m */,
				3B53E6162821F60F00C9010C /* NSBookAF.h */,
				3B53E6172821F60F00C9010C /* NSBookAF.m */,
			);
			path = "汇编";
			sourceTree = "<group>";
		};
		3B53E6192827B7CB00C9010C /* RunLoop */ = {
			isa = PBXGroup;
			children = (
				3B53E61A2827B7EB00C9010C /* RunLoopController.h */,
				3B53E61B2827B7EB00C9010C /* RunLoopController.m */,
			);
			path = RunLoop;
			sourceTree = "<group>";
		};
		3B53E61D282D380F00C9010C /* 多线程 */ = {
			isa = PBXGroup;
			children = (
				3B53E61E282D386D00C9010C /* GCDViewController.h */,
				3B53E61F282D386D00C9010C /* GCDViewController.m */,
			);
			path = "多线程";
			sourceTree = "<group>";
		};
		3B53E621282FA4D400C9010C /* 内存管理 */ = {
			isa = PBXGroup;
			children = (
				3B53E622282FA4E700C9010C /* MemoryController.h */,
				3B53E623282FA4E700C9010C /* MemoryController.m */,
				3B53E625282FAAC200C9010C /* TimerProxy.h */,
				3B53E626282FAAC200C9010C /* TimerProxy.m */,
				3B53E628282FD9C200C9010C /* NSBookAG.h */,
				3B53E629282FD9C200C9010C /* NSBookAG.m */,
			);
			path = "内存管理";
			sourceTree = "<group>";
		};
		3B53E62B2830FA1900C9010C /* 性能优化 */ = {
			isa = PBXGroup;
			children = (
				3B53E62C2830FA5800C9010C /* PerformanceController.h */,
				3B53E62D2830FA5800C9010C /* PerformanceController.m */,
			);
			path = "性能优化";
			sourceTree = "<group>";
		};
		3BF4829127FB103E00387537 = {
			isa = PBXGroup;
			children = (
				3BF4829C27FB103E00387537 /* iOSInterView */,
				3BF4829B27FB103E00387537 /* Products */,
				239F98A8308E6344950214DA /* Pods */,
				3926CBF3334F222AE42FF98B /* Frameworks */,
			);
			sourceTree = "<group>";
		};
		3BF4829B27FB103E00387537 /* Products */ = {
			isa = PBXGroup;
			children = (
				3BF4829A27FB103E00387537 /* iOSInterView.app */,
			);
			name = Products;
			sourceTree = "<group>";
		};
		3BF4829C27FB103E00387537 /* iOSInterView */ = {
			isa = PBXGroup;
			children = (
				3B53E62B2830FA1900C9010C /* 性能优化 */,
				3B53E621282FA4D400C9010C /* 内存管理 */,
				3B53E61D282D380F00C9010C /* 多线程 */,
				3B53E6192827B7CB00C9010C /* RunLoop */,
				3B53E6122821F57F00C9010C /* 汇编 */,
				3B53E60B281EBB4900C9010C /* RunTime */,
				3B53E604281E3B2200C9010C /* Block */,
				3B53E5E028027C8000C9010C /* OC分类 */,
				3B53E5CC27FBED3500C9010C /* KVC */,
				3B53E5CD27FBED3500C9010C /* KVO */,
				3BF482CC27FB25B100387537 /* OC对象本质 */,
				3BF482C027FB25B100387537 /* Others */,
				3B53E5C327FB26F400C9010C /* Config.plist */,
			);
			path = iOSInterView;
			sourceTree = "<group>";
		};
		3BF482C027FB25B100387537 /* Others */ = {
			isa = PBXGroup;
			children = (
				3BF482C127FB25B100387537 /* AppDelegate.h */,
				3BF482C227FB25B100387537 /* Assets.xcassets */,
				3BF482C427FB25B100387537 /* LaunchScreen.storyboard */,
				3BF482C627FB25B100387537 /* Main.storyboard */,
				3BF482C827FB25B100387537 /* main.m */,
				3BF482C927FB25B100387537 /* AppDelegate.m */,
				3BF482CA27FB25B100387537 /* Info.plist */,
				3BF482CB27FB25B100387537 /* ViewController.h */,
				3BF482C327FB25B100387537 /* ViewController.m */,
			);
			path = Others;
			sourceTree = "<group>";
		};
		3BF482CC27FB25B100387537 /* OC对象本质 */ = {
			isa = PBXGroup;
			children = (
				3B53E5C527FB284700C9010C /* ObjectController.h */,
				3B53E5D22801310B00C9010C /* ObjectController.mm */,
				3B53E5C827FB773E00C9010C /* NSBook.h */,
				3B53E5C927FB773E00C9010C /* NSBook.m */,
				3B53E5CB27FB78F300C9010C /* NSBook.cpp */,
				3B53E5D128012FF900C9010C /* RunTimeClass.h */,
			);
			path = "OC对象本质";
			sourceTree = "<group>";
		};
/* End PBXGroup section */

/* Begin PBXNativeTarget section */
		3BF4829927FB103E00387537 /* iOSInterView */ = {
			isa = PBXNativeTarget;
			buildConfigurationList = 3BF482B027FB103F00387537 /* Build configuration list for PBXNativeTarget "iOSInterView" */;
			buildPhases = (
				E2B776C9565FBF57305265E7 /* [CP] Check Pods Manifest.lock */,
				3BF4829627FB103E00387537 /* Sources */,
				3BF4829727FB103E00387537 /* Frameworks */,
				3BF4829827FB103E00387537 /* Resources */,
				78108AD61D3E3B7107BC7E41 /* [CP] Embed Pods Frameworks */,
			);
			buildRules = (
			);
			dependencies = (
			);
			name = iOSInterView;
			productName = iOSInterView;
			productReference = 3BF4829A27FB103E00387537 /* iOSInterView.app */;
			productType = "com.apple.product-type.application";
		};
/* End PBXNativeTarget section */

/* Begin PBXProject section */
		3BF4829227FB103E00387537 /* Project object */ = {
			isa = PBXProject;
			attributes = {
				LastUpgradeCheck = 0940;
				ORGANIZATIONNAME = hushaohui;
				TargetAttributes = {
					3BF4829927FB103E00387537 = {
						CreatedOnToolsVersion = 9.4.1;
					};
				};
			};
			buildConfigurationList = 3BF4829527FB103E00387537 /* Build configuration list for PBXProject "iOSInterView" */;
			compatibilityVersion = "Xcode 9.3";
			developmentRegion = en;
			hasScannedForEncodings = 0;
			knownRegions = (
				en,
				Base,
			);
			mainGroup = 3BF4829127FB103E00387537;
			productRefGroup = 3BF4829B27FB103E00387537 /* Products */;
			projectDirPath = "";
			projectRoot = "";
			targets = (
				3BF4829927FB103E00387537 /* iOSInterView */,
			);
		};
/* End PBXProject section */

/* Begin PBXResourcesBuildPhase section */
		3BF4829827FB103E00387537 /* Resources */ = {
			isa = PBXResourcesBuildPhase;
			buildActionMask = 2147483647;
			files = (
				3BF482D327FB25B100387537 /* Info.plist in Resources */,
				3BF482D027FB25B100387537 /* Main.storyboard in Resources */,
				3BF482CD27FB25B100387537 /* Assets.xcassets in Resources */,
				3B53E5C427FB26F400C9010C /* Config.plist in Resources */,
				3BF482CF27FB25B100387537 /* LaunchScreen.storyboard in Resources */,
			);
			runOnlyForDeploymentPostprocessing = 0;
		};
/* End PBXResourcesBuildPhase section */

/* Begin PBXShellScriptBuildPhase section */
		78108AD61D3E3B7107BC7E41 /* [CP] Embed Pods Frameworks */ = {
			isa = PBXShellScriptBuildPhase;
			buildActionMask = 2147483647;
			files = (
			);
			name = "[CP] Embed Pods Frameworks";
			runOnlyForDeploymentPostprocessing = 0;
			shellPath = /bin/sh;
			shellScript = "\"${PODS_ROOT}/Target Support Files/Pods-iOSInterView/Pods-iOSInterView-frameworks.sh\"\n";
			showEnvVarsInLog = 0;
		};
		E2B776C9565FBF57305265E7 /* [CP] Check Pods Manifest.lock */ = {
			isa = PBXShellScriptBuildPhase;
			buildActionMask = 2147483647;
			files = (
			);
			inputPaths = (
				"${PODS_PODFILE_DIR_PATH}/Podfile.lock",
				"${PODS_ROOT}/Manifest.lock",
			);
			name = "[CP] Check Pods Manifest.lock";
			outputPaths = (
				"$(DERIVED_FILE_DIR)/Pods-iOSInterView-checkManifestLockResult.txt",
			);
			runOnlyForDeploymentPostprocessing = 0;
			shellPath = /bin/sh;
			shellScript = "diff \"${PODS_PODFILE_DIR_PATH}/Podfile.lock\" \"${PODS_ROOT}/Manifest.lock\" > /dev/null\nif [ $? != 0 ] ; then\n    # print error to STDERR\n    echo \"error: The sandbox is not in sync with the Podfile.lock. Run 'pod install' or update your CocoaPods installation.\" >&2\n    exit 1\nfi\n# This output is used by Xcode 'outputs' to avoid re-running this script phase.\necho \"SUCCESS\" > \"${SCRIPT_OUTPUT_FILE_0}\"\n";
			showEnvVarsInLog = 0;
		};
/* End PBXShellScriptBuildPhase section */

/* Begin PBXSourcesBuildPhase section */
		3BF4829627FB103E00387537 /* Sources */ = {
			isa = PBXSourcesBuildPhase;
			buildActionMask = 2147483647;
			files = (
				3B53E62E2830FA5800C9010C /* PerformanceController.m in Sources */,
				3B53E5F0281D037200C9010C /* NSBookAC+book.m in Sources */,
				3B53E5D32801310B00C9010C /* ObjectController.mm in Sources */,
				3B53E61C2827B7EB00C9010C /* RunLoopController.m in Sources */,
				3B53E620282D386D00C9010C /* GCDViewController.m in Sources */,
				3B53E60A281E828100C9010C /* NSBookAD.m in Sources */,
				3B53E5E328027C9F00C9010C /* CategoryController.m in Sources */,
				3B53E5D62801970500C9010C /* NSBookAA.m in Sources */,
				3B53E5DC2801A53D00C9010C /* KVCController.m in Sources */,
				3BF482D127FB25B100387537 /* main.m in Sources */,
				3B53E61128201F1100C9010C /* NSBookAE.m in Sources */,
				3B53E5DF2801A56600C9010C /* NSBookAB.m in Sources */,
				3B53E5D027FBF82900C9010C /* KVOController.m in Sources */,
				3BF482CE27FB25B100387537 /* ViewController.m in Sources */,
				3B53E5EA281D02B900C9010C /* NSBookAC.m in Sources */,
				3B53E6182821F60F00C9010C /* NSBookAF.m in Sources */,
				3B53E607281E3B5900C9010C /* BlockController.m in Sources */,
				3B53E60E281EBB6300C9010C /* RunTimeController.m in Sources */,
				3B53E624282FA4E700C9010C /* MemoryController.m in Sources */,
				3B53E6152821F5A100C9010C /* AssemblyController.m in Sources */,
				3B53E5CA27FB773E00C9010C /* NSBook.m in Sources */,
				3B53E62A282FD9C200C9010C /* NSBookAG.m in Sources */,
				3B53E627282FAAC200C9010C /* TimerProxy.m in Sources */,
				3BF482D227FB25B100387537 /* AppDelegate.m in Sources */,
			);
			runOnlyForDeploymentPostprocessing = 0;
		};
/* End PBXSourcesBuildPhase section */

/* Begin PBXVariantGroup section */
		3BF482C427FB25B100387537 /* LaunchScreen.storyboard */ = {
			isa = PBXVariantGroup;
			children = (
				3BF482C527FB25B100387537 /* Base */,
			);
			name = LaunchScreen.storyboard;
			sourceTree = "<group>";
		};
		3BF482C627FB25B100387537 /* Main.storyboard */ = {
			isa = PBXVariantGroup;
			children = (
				3BF482C727FB25B100387537 /* Base */,
			);
			name = Main.storyboard;
			sourceTree = "<group>";
		};
/* End PBXVariantGroup section */

/* Begin XCBuildConfiguration section */
		3BF482AE27FB103F00387537 /* Debug */ = {
			isa = XCBuildConfiguration;
			buildSettings = {
				ALWAYS_SEARCH_USER_PATHS = NO;
				CLANG_ANALYZER_NONNULL = YES;
				CLANG_ANALYZER_NUMBER_OBJECT_CONVERSION = YES_AGGRESSIVE;
				CLANG_CXX_LANGUAGE_STANDARD = "gnu++14";
				CLANG_CXX_LIBRARY = "libc++";
				CLANG_ENABLE_MODULES = YES;
				CLANG_ENABLE_OBJC_ARC = YES;
				CLANG_ENABLE_OBJC_WEAK = YES;
				CLANG_WARN_BLOCK_CAPTURE_AUTORELEASING = YES;
				CLANG_WARN_BOOL_CONVERSION = YES;
				CLANG_WARN_COMMA = YES;
				CLANG_WARN_CONSTANT_CONVERSION = YES;
				CLANG_WARN_DEPRECATED_OBJC_IMPLEMENTATIONS = YES;
				CLANG_WARN_DIRECT_OBJC_ISA_USAGE = YES_ERROR;
				CLANG_WARN_DOCUMENTATION_COMMENTS = YES;
				CLANG_WARN_EMPTY_BODY = YES;
				CLANG_WARN_ENUM_CONVERSION = YES;
				CLANG_WARN_INFINITE_RECURSION = YES;
				CLANG_WARN_INT_CONVERSION = YES;
				CLANG_WARN_NON_LITERAL_NULL_CONVERSION = YES;
				CLANG_WARN_OBJC_IMPLICIT_RETAIN_SELF = YES;
				CLANG_WARN_OBJC_LITERAL_CONVERSION = YES;
				CLANG_WARN_OBJC_ROOT_CLASS = YES_ERROR;
				CLANG_WARN_RANGE_LOOP_ANALYSIS = YES;
				CLANG_WARN_STRICT_PROTOTYPES = YES;
				CLANG_WARN_SUSPICIOUS_MOVE = YES;
				CLANG_WARN_UNGUARDED_AVAILABILITY = YES_AGGRESSIVE;
				CLANG_WARN_UNREACHABLE_CODE = YES;
				CLANG_WARN__DUPLICATE_METHOD_MATCH = YES;
				CODE_SIGN_IDENTITY = "iPhone Developer";
				COPY_PHASE_STRIP = NO;
				DEBUG_INFORMATION_FORMAT = dwarf;
				ENABLE_STRICT_OBJC_MSGSEND = YES;
				ENABLE_TESTABILITY = YES;
				GCC_C_LANGUAGE_STANDARD = gnu11;
				GCC_DYNAMIC_NO_PIC = NO;
				GCC_NO_COMMON_BLOCKS = YES;
				GCC_OPTIMIZATION_LEVEL = 0;
				GCC_PREPROCESSOR_DEFINITIONS = (
					"DEBUG=1",
					"$(inherited)",
				);
				GCC_WARN_64_TO_32_BIT_CONVERSION = YES;
				GCC_WARN_ABOUT_RETURN_TYPE = YES_ERROR;
				GCC_WARN_UNDECLARED_SELECTOR = YES;
				GCC_WARN_UNINITIALIZED_AUTOS = YES_AGGRESSIVE;
				GCC_WARN_UNUSED_FUNCTION = YES;
				GCC_WARN_UNUSED_VARIABLE = YES;
				IPHONEOS_DEPLOYMENT_TARGET = 11.4;
				MTL_ENABLE_DEBUG_INFO = YES;
				ONLY_ACTIVE_ARCH = YES;
				SDKROOT = iphoneos;
			};
			name = Debug;
		};
		3BF482AF27FB103F00387537 /* Release */ = {
			isa = XCBuildConfiguration;
			buildSettings = {
				ALWAYS_SEARCH_USER_PATHS = NO;
				CLANG_ANALYZER_NONNULL = YES;
				CLANG_ANALYZER_NUMBER_OBJECT_CONVERSION = YES_AGGRESSIVE;
				CLANG_CXX_LANGUAGE_STANDARD = "gnu++14";
				CLANG_CXX_LIBRARY = "libc++";
				CLANG_ENABLE_MODULES = YES;
				CLANG_ENABLE_OBJC_ARC = YES;
				CLANG_ENABLE_OBJC_WEAK = YES;
				CLANG_WARN_BLOCK_CAPTURE_AUTORELEASING = YES;
				CLANG_WARN_BOOL_CONVERSION = YES;
				CLANG_WARN_COMMA = YES;
				CLANG_WARN_CONSTANT_CONVERSION = YES;
				CLANG_WARN_DEPRECATED_OBJC_IMPLEMENTATIONS = YES;
				CLANG_WARN_DIRECT_OBJC_ISA_USAGE = YES_ERROR;
				CLANG_WARN_DOCUMENTATION_COMMENTS = YES;
				CLANG_WARN_EMPTY_BODY = YES;
				CLANG_WARN_ENUM_CONVERSION = YES;
				CLANG_WARN_INFINITE_RECURSION = YES;
				CLANG_WARN_INT_CONVERSION = YES;
				CLANG_WARN_NON_LITERAL_NULL_CONVERSION = YES;
				CLANG_WARN_OBJC_IMPLICIT_RETAIN_SELF = YES;
				CLANG_WARN_OBJC_LITERAL_CONVERSION = YES;
				CLANG_WARN_OBJC_ROOT_CLASS = YES_ERROR;
				CLANG_WARN_RANGE_LOOP_ANALYSIS = YES;
				CLANG_WARN_STRICT_PROTOTYPES = YES;
				CLANG_WARN_SUSPICIOUS_MOVE = YES;
				CLANG_WARN_UNGUARDED_AVAILABILITY = YES_AGGRESSIVE;
				CLANG_WARN_UNREACHABLE_CODE = YES;
				CLANG_WARN__DUPLICATE_METHOD_MATCH = YES;
				CODE_SIGN_IDENTITY = "iPhone Developer";
				COPY_PHASE_STRIP = NO;
				DEBUG_INFORMATION_FORMAT = "dwarf-with-dsym";
				ENABLE_NS_ASSERTIONS = NO;
				ENABLE_STRICT_OBJC_MSGSEND = YES;
				GCC_C_LANGUAGE_STANDARD = gnu11;
				GCC_NO_COMMON_BLOCKS = YES;
				GCC_WARN_64_TO_32_BIT_CONVERSION = YES;
				GCC_WARN_ABOUT_RETURN_TYPE = YES_ERROR;
				GCC_WARN_UNDECLARED_SELECTOR = YES;
				GCC_WARN_UNINITIALIZED_AUTOS = YES_AGGRESSIVE;
				GCC_WARN_UNUSED_FUNCTION = YES;
				GCC_WARN_UNUSED_VARIABLE = YES;
				IPHONEOS_DEPLOYMENT_TARGET = 11.4;
				MTL_ENABLE_DEBUG_INFO = NO;
				SDKROOT = iphoneos;
				VALIDATE_PRODUCT = YES;
			};
			name = Release;
		};
		3BF482B127FB103F00387537 /* Debug */ = {
			isa = XCBuildConfiguration;
			baseConfigurationReference = 06FF6AA55CFF92F6E71E4205 /* Pods-iOSInterView.debug.xcconfig */;
			buildSettings = {
				ASSETCATALOG_COMPILER_APPICON_NAME = AppIcon;
				CODE_SIGN_STYLE = Automatic;
				DEVELOPMENT_TEAM = W9965V76KP;
				INFOPLIST_FILE = iOSInterView/Others/Info.plist;
				IPHONEOS_DEPLOYMENT_TARGET = 9.0;
				LD_RUNPATH_SEARCH_PATHS = (
					"$(inherited)",
					"@executable_path/Frameworks",
				);
				PRODUCT_BUNDLE_IDENTIFIER = HS.iOSInterView;
				PRODUCT_NAME = "$(TARGET_NAME)";
				TARGETED_DEVICE_FAMILY = "1,2";
			};
			name = Debug;
		};
		3BF482B227FB103F00387537 /* Release */ = {
			isa = XCBuildConfiguration;
			baseConfigurationReference = 05AD1BA88528E4C6E6DC11E2 /* Pods-iOSInterView.release.xcconfig */;
			buildSettings = {
				ASSETCATALOG_COMPILER_APPICON_NAME = AppIcon;
				CODE_SIGN_STYLE = Automatic;
				DEVELOPMENT_TEAM = W9965V76KP;
				INFOPLIST_FILE = iOSInterView/Others/Info.plist;
				IPHONEOS_DEPLOYMENT_TARGET = 9.0;
				LD_RUNPATH_SEARCH_PATHS = (
					"$(inherited)",
					"@executable_path/Frameworks",
				);
				PRODUCT_BUNDLE_IDENTIFIER = HS.iOSInterView;
				PRODUCT_NAME = "$(TARGET_NAME)";
				TARGETED_DEVICE_FAMILY = "1,2";
			};
			name = Release;
		};
/* End XCBuildConfiguration section */

/* Begin XCConfigurationList section */
		3BF4829527FB103E00387537 /* Build configuration list for PBXProject "iOSInterView" */ = {
			isa = XCConfigurationList;
			buildConfigurations = (
				3BF482AE27FB103F00387537 /* Debug */,
				3BF482AF27FB103F00387537 /* Release */,
			);
			defaultConfigurationIsVisible = 0;
			defaultConfigurationName = Release;
		};
		3BF482B027FB103F00387537 /* Build configuration list for PBXNativeTarget "iOSInterView" */ = {
			isa = XCConfigurationList;
			buildConfigurations = (
				3BF482B127FB103F00387537 /* Debug */,
				3BF482B227FB103F00387537 /* Release */,
			);
			defaultConfigurationIsVisible = 0;
			defaultConfigurationName = Release;
		};
/* End XCConfigurationList section */
	};
	rootObject = 3BF4829227FB103E00387537 /* Project object */;
}
